
Microsoft Visual Studio Solution File, Format Version 12.00
# Visual Studio Version 17
VisualStudioVersion = 17.4.33213.308
MinimumVisualStudioVersion = 10.0.40219.1
Project("{FAE04EC0-301F-11D3-BF4B-00C04F79EFBC}") = "Triggers_RLG.Android", "Triggers_RLG\Triggers_RLG.Android\Triggers_RLG.Android.csproj", "{C9698CFD-AA6F-458E-A733-DC8DE3CDD9A9}"
EndProject
Project("{FAE04EC0-301F-11D3-BF4B-00C04F79EFBC}") = "Triggers_RLG.iOS", "Triggers_RLG\Triggers_RLG.iOS\Triggers_RLG.iOS.csproj", "{341141F4-A0F1-496F-9385-8CD6632D83E3}"
EndProject
Project("{FAE04EC0-301F-11D3-BF4B-00C04F79EFBC}") = "Triggers_RLG", "Triggers_RLG\Triggers_RLG\Triggers_RLG.csproj", "{63620F57-8A47-4F5F-BA81-EA1F99F6B858}"
EndProject
Global
	GlobalSection(SolutionConfigurationPlatforms) = preSolution
		Debug|Any CPU = Debug|Any CPU
		Debug|iPhone = Debug|iPhone
		Debug|iPhoneSimulator = Debug|iPhoneSimulator
		Release|Any CPU = Release|Any CPU
		Release|iPhone = Release|iPhone
		Release|iPhoneSimulator = Release|iPhoneSimulator
	EndGlobalSection
	GlobalSection(ProjectConfigurationPlatforms) = postSolution
		{C9698CFD-AA6F-458E-A733-DC8DE3CDD9A9}.Debug|Any CPU.ActiveCfg = Debug|Any CPU
		{C9698CFD-AA6F-458E-A733-DC8DE3CDD9A9}.Debug|Any CPU.Build.0 = Debug|Any CPU
		{C9698CFD-AA6F-458E-A733-DC8DE3CDD9A9}.Debug|Any CPU.Deploy.0 = Debug|Any CPU
		{C9698CFD-AA6F-458E-A733-DC8DE3CDD9A9}.Debug|iPhone.ActiveCfg = Debug|Any CPU
		{C9698CFD-AA6F-458E-A733-DC8DE3CDD9A9}.Debug|iPhone.Build.0 = Debug|Any CPU
		{C9698CFD-AA6F-458E-A733-DC8DE3CDD9A9}.Debug|iPhone.Deploy.0 = Debug|Any CPU
		{C9698CFD-AA6F-458E-A733-DC8DE3CDD9A9}.Debug|iPhoneSimulator.ActiveCfg = Debug|Any CPU
		{C9698CFD-AA6F-458E-A733-DC8DE3CDD9A9}.Debug|iPhoneSimulator.Build.0 = Debug|Any CPU
		{C9698CFD-AA6F-458E-A733-DC8DE3CDD9A9}.Debug|iPhoneSimulator.Deploy.0 = Debug|Any CPU
		{C9698CFD-AA6F-458E-A733-DC8DE3CDD9A9}.Release|Any CPU.ActiveCfg = Release|Any CPU
		{C9698CFD-AA6F-458E-A733-DC8DE3CDD9A9}.Release|Any CPU.Build.0 = Release|Any CPU
		{C9698CFD-AA6F-458E-A733-DC8DE3CDD9A9}.Release|Any CPU.Deploy.0 = Release|Any CPU
		{C9698CFD-AA6F-458E-A733-DC8DE3CDD9A9}.Release|iPhone.ActiveCfg = Release|Any CPU
		{C9698CFD-AA6F-458E-A733-DC8DE3CDD9A9}.Release|iPhone.Build.0 = Release|Any CPU
		{C9698CFD-AA6F-458E-A733-DC8DE3CDD9A9}.Release|iPhone.Deploy.0 = Release|Any CPU
		{C9698CFD-AA6F-458E-A733-DC8DE3CDD9A9}.Release|iPhoneSimulator.ActiveCfg = Release|Any CPU
		{C9698CFD-AA6F-458E-A733-DC8DE3CDD9A9}.Release|iPhoneSimulator.Build.0 = Release|Any CPU
		{C9698CFD-AA6F-458E-A733-DC8DE3CDD9A9}.Release|iPhoneSimulator.Deploy.0 = Release|Any CPU
		{341141F4-A0F1-496F-9385-8CD6632D83E3}.Debug|Any CPU.ActiveCfg = Debug|iPhone
		{341141F4-A0F1-496F-9385-8CD6632D83E3}.Debug|Any CPU.Build.0 = Debug|iPhone
		{341141F4-A0F1-496F-9385-8CD6632D83E3}.Debug|Any CPU.Deploy.0 = Debug|iPhone
		{341141F4-A0F1-496F-9385-8CD6632D83E3}.Debug|iPhone.ActiveCfg = Debug|iPhone
		{341141F4-A0F1-496F-9385-8CD6632D83E3}.Debug|iPhone.Build.0 = Debug|iPhone
		{341141F4-A0F1-496F-9385-8CD6632D83E3}.Debug|iPhone.Deploy.0 = Debug|iPhone
		{341141F4-A0F1-496F-9385-8CD6632D83E3}.Debug|iPhoneSimulator.ActiveCfg = Debug|iPhoneSimulator
		{341141F4-A0F1-496F-9385-8CD6632D83E3}.Debug|iPhoneSimulator.Build.0 = Debug|iPhoneSimulator
		{341141F4-A0F1-496F-9385-8CD6632D83E3}.Debug|iPhoneSimulator.Deploy.0 = Debug|iPhoneSimulator
		{341141F4-A0F1-496F-9385-8CD6632D83E3}.Release|Any CPU.ActiveCfg = Release|iPhoneSimulator
		{341141F4-A0F1-496F-9385-8CD6632D83E3}.Release|Any CPU.Build.0 = Release|iPhoneSimulator
		{341141F4-A0F1-496F-9385-8CD6632D83E3}.Release|Any CPU.Deploy.0 = Release|iPhoneSimulator
		{341141F4-A0F1-496F-9385-8CD6632D83E3}.Release|iPhone.ActiveCfg = Release|iPhone
		{341141F4-A0F1-496F-9385-8CD6632D83E3}.Release|iPhone.Build.0 = Release|iPhone
		{341141F4-A0F1-496F-9385-8CD6632D83E3}.Release|iPhone.Deploy.0 = Release|iPhone
		{341141F4-A0F1-496F-9385-8CD6632D83E3}.Release|iPhoneSimulator.ActiveCfg = Release|iPhoneSimulator
		{341141F4-A0F1-496F-9385-8CD6632D83E3}.Release|iPhoneSimulator.Build.0 = Release|iPhoneSimulator
		{341141F4-A0F1-496F-9385-8CD6632D83E3}.Release|iPhoneSimulator.Deploy.0 = Release|iPhoneSimulator
		{63620F57-8A47-4F5F-BA81-EA1F99F6B858}.Debug|Any CPU.ActiveCfg = Debug|Any CPU
		{63620F57-8A47-4F5F-BA81-EA1F99F6B858}.Debug|Any CPU.Build.0 = Debug|Any CPU
		{63620F57-8A47-4F5F-BA81-EA1F99F6B858}.Debug|Any CPU.Deploy.0 = Debug|Any CPU
		{63620F57-8A47-4F5F-BA81-EA1F99F6B858}.Debug|iPhone.ActiveCfg = Debug|Any CPU
		{63620F57-8A47-4F5F-BA81-EA1F99F6B858}.Debug|iPhone.Build.0 = Debug|Any CPU
		{63620F57-8A47-4F5F-BA81-EA1F99F6B858}.Debug|iPhone.Deploy.0 = Debug|Any CPU
		{63620F57-8A47-4F5F-BA81-EA1F99F6B858}.Debug|iPhoneSimulator.ActiveCfg = Debug|Any CPU
		{63620F57-8A47-4F5F-BA81-EA1F99F6B858}.Debug|iPhoneSimulator.Build.0 = Debug|Any CPU
		{63620F57-8A47-4F5F-BA81-EA1F99F6B858}.Debug|iPhoneSimulator.Deploy.0 = Debug|Any CPU
		{63620F57-8A47-4F5F-BA81-EA1F99F6B858}.Release|Any CPU.ActiveCfg = Release|Any CPU
		{63620F57-8A47-4F5F-BA81-EA1F99F6B858}.Release|Any CPU.Build.0 = Release|Any CPU
		{63620F57-8A47-4F5F-BA81-EA1F99F6B858}.Release|Any CPU.Deploy.0 = Release|Any CPU
		{63620F57-8A47-4F5F-BA81-EA1F99F6B858}.Release|iPhone.ActiveCfg = Release|Any CPU
		{63620F57-8A47-4F5F-BA81-EA1F99F6B858}.Release|iPhone.Build.0 = Release|Any CPU
		{63620F57-8A47-4F5F-BA81-EA1F99F6B858}.Release|iPhone.Deploy.0 = Release|Any CPU
		{63620F57-8A47-4F5F-BA81-EA1F99F6B858}.Release|iPhoneSimulator.ActiveCfg = Release|Any CPU
		{63620F57-8A47-4F5F-BA81-EA1F99F6B858}.Release|iPhoneSimulator.Build.0 = Release|Any CPU
		{63620F57-8A47-4F5F-BA81-EA1F99F6B858}.Release|iPhoneSimulator.Deploy.0 = Release|Any CPU
	EndGlobalSection
	GlobalSection(SolutionProperties) = preSolution
		HideSolutionNode = FALSE
	EndGlobalSection
	GlobalSection(ExtensibilityGlobals) = postSolution
		SolutionGuid = {7B855E4A-2B5F-4004-8773-68ADEE349DC6}
	EndGlobalSection
EndGlobal
